// !$*UTF8*$!
{
	archiveVersion = 1;
	classes = {
	};
	objectVersion = 46;
	objects = {

/* Begin PBXBuildFile section */
		F65910571CB19D05004C583B /* FBSDKCoreKit.framework in Frameworks */ = {isa = PBXBuildFile; fileRef = F65910561CB19D05004C583B /* FBSDKCoreKit.framework */; };
		F659105A1CB19EA9004C583B /* FBSDKLoginKit.framework in Frameworks */ = {isa = PBXBuildFile; fileRef = F65910591CB19EA9004C583B /* FBSDKLoginKit.framework */; };
		F659105C1CB19EB4004C583B /* Bolts.framework in Frameworks */ = {isa = PBXBuildFile; fileRef = F659105B1CB19EB4004C583B /* Bolts.framework */; };
		F659105E1CB19F3C004C583B /* LoginViewController.swift in Sources */ = {isa = PBXBuildFile; fileRef = F659105D1CB19F3C004C583B /* LoginViewController.swift */; };
		F668346F1C8108DE00AB8E1D /* AppDelegate.swift in Sources */ = {isa = PBXBuildFile; fileRef = F668346E1C8108DE00AB8E1D /* AppDelegate.swift */; };
		F66834711C8108DE00AB8E1D /* MainViewController.swift in Sources */ = {isa = PBXBuildFile; fileRef = F66834701C8108DE00AB8E1D /* MainViewController.swift */; };
		F66834761C8108DE00AB8E1D /* Main.storyboard in Resources */ = {isa = PBXBuildFile; fileRef = F66834741C8108DE00AB8E1D /* Main.storyboard */; };
		F66834781C8108DE00AB8E1D /* Assets.xcassets in Resources */ = {isa = PBXBuildFile; fileRef = F66834771C8108DE00AB8E1D /* Assets.xcassets */; };
		F668347B1C8108DE00AB8E1D /* LaunchScreen.storyboard in Resources */ = {isa = PBXBuildFile; fileRef = F66834791C8108DE00AB8E1D /* LaunchScreen.storyboard */; };
		F66834861C8108DE00AB8E1D /* TurnipTests.swift in Sources */ = {isa = PBXBuildFile; fileRef = F66834851C8108DE00AB8E1D /* TurnipTests.swift */; };
		F66834911C8108DE00AB8E1D /* TurnipUITests.swift in Sources */ = {isa = PBXBuildFile; fileRef = F66834901C8108DE00AB8E1D /* TurnipUITests.swift */; };
/* End PBXBuildFile section */

/* Begin PBXContainerItemProxy section */
		F66834821C8108DE00AB8E1D /* PBXContainerItemProxy */ = {
			isa = PBXContainerItemProxy;
			containerPortal = F66834631C8108DE00AB8E1D /* Project object */;
			proxyType = 1;
			remoteGlobalIDString = F668346A1C8108DE00AB8E1D;
			remoteInfo = Turnip;
		};
		F668348D1C8108DE00AB8E1D /* PBXContainerItemProxy */ = {
			isa = PBXContainerItemProxy;
			containerPortal = F66834631C8108DE00AB8E1D /* Project object */;
			proxyType = 1;
			remoteGlobalIDString = F668346A1C8108DE00AB8E1D;
			remoteInfo = Turnip;
		};
/* End PBXContainerItemProxy section */

/* Begin PBXFileReference section */
		F65910561CB19D05004C583B /* FBSDKCoreKit.framework */ = {isa = PBXFileReference; lastKnownFileType = wrapper.framework; path = FBSDKCoreKit.framework; sourceTree = "<group>"; };
		F65910581CB19DFD004C583B /* Bridging-Header.h */ = {isa = PBXFileReference; lastKnownFileType = sourcecode.c.h; path = "Bridging-Header.h"; sourceTree = "<group>"; };
		F65910591CB19EA9004C583B /* FBSDKLoginKit.framework */ = {isa = PBXFileReference; lastKnownFileType = wrapper.framework; path = FBSDKLoginKit.framework; sourceTree = "<group>"; };
		F659105B1CB19EB4004C583B /* Bolts.framework */ = {isa = PBXFileReference; lastKnownFileType = wrapper.framework; path = Bolts.framework; sourceTree = "<group>"; };
		F659105D1CB19F3C004C583B /* LoginViewController.swift */ = {isa = PBXFileReference; fileEncoding = 4; lastKnownFileType = sourcecode.swift; path = LoginViewController.swift; sourceTree = "<group>"; };
		F668346B1C8108DE00AB8E1D /* Turnip.app */ = {isa = PBXFileReference; explicitFileType = wrapper.application; includeInIndex = 0; path = Turnip.app; sourceTree = BUILT_PRODUCTS_DIR; };
		F668346E1C8108DE00AB8E1D /* AppDelegate.swift */ = {isa = PBXFileReference; lastKnownFileType = sourcecode.swift; path = AppDelegate.swift; sourceTree = "<group>"; };
		F66834701C8108DE00AB8E1D /* MainViewController.swift */ = {isa = PBXFileReference; lastKnownFileType = sourcecode.swift; path = MainViewController.swift; sourceTree = "<group>"; };
		F66834751C8108DE00AB8E1D /* Base */ = {isa = PBXFileReference; lastKnownFileType = file.storyboard; name = Base; path = Base.lproj/Main.storyboard; sourceTree = "<group>"; };
		F66834771C8108DE00AB8E1D /* Assets.xcassets */ = {isa = PBXFileReference; lastKnownFileType = folder.assetcatalog; path = Assets.xcassets; sourceTree = "<group>"; };
		F668347A1C8108DE00AB8E1D /* Base */ = {isa = PBXFileReference; lastKnownFileType = file.storyboard; name = Base; path = Base.lproj/LaunchScreen.storyboard; sourceTree = "<group>"; };
		F668347C1C8108DE00AB8E1D /* Info.plist */ = {isa = PBXFileReference; lastKnownFileType = text.plist.xml; path = Info.plist; sourceTree = "<group>"; };
		F66834811C8108DE00AB8E1D /* TurnipTests.xctest */ = {isa = PBXFileReference; explicitFileType = wrapper.cfbundle; includeInIndex = 0; path = TurnipTests.xctest; sourceTree = BUILT_PRODUCTS_DIR; };
		F66834851C8108DE00AB8E1D /* TurnipTests.swift */ = {isa = PBXFileReference; lastKnownFileType = sourcecode.swift; path = TurnipTests.swift; sourceTree = "<group>"; };
		F66834871C8108DE00AB8E1D /* Info.plist */ = {isa = PBXFileReference; lastKnownFileType = text.plist.xml; path = Info.plist; sourceTree = "<group>"; };
		F668348C1C8108DE00AB8E1D /* TurnipUITests.xctest */ = {isa = PBXFileReference; explicitFileType = wrapper.cfbundle; includeInIndex = 0; path = TurnipUITests.xctest; sourceTree = BUILT_PRODUCTS_DIR; };
		F66834901C8108DE00AB8E1D /* TurnipUITests.swift */ = {isa = PBXFileReference; lastKnownFileType = sourcecode.swift; path = TurnipUITests.swift; sourceTree = "<group>"; };
		F66834921C8108DE00AB8E1D /* Info.plist */ = {isa = PBXFileReference; lastKnownFileType = text.plist.xml; path = Info.plist; sourceTree = "<group>"; };
/* End PBXFileReference section */

/* Begin PBXFrameworksBuildPhase section */
		F66834681C8108DE00AB8E1D /* Frameworks */ = {
			isa = PBXFrameworksBuildPhase;
			buildActionMask = 2147483647;
			files = (
				F659105C1CB19EB4004C583B /* Bolts.framework in Frameworks */,
				F659105A1CB19EA9004C583B /* FBSDKLoginKit.framework in Frameworks */,
				F65910571CB19D05004C583B /* FBSDKCoreKit.framework in Frameworks */,
			);
			runOnlyForDeploymentPostprocessing = 0;
		};
		F668347E1C8108DE00AB8E1D /* Frameworks */ = {
			isa = PBXFrameworksBuildPhase;
			buildActionMask = 2147483647;
			files = (
			);
			runOnlyForDeploymentPostprocessing = 0;
		};
		F66834891C8108DE00AB8E1D /* Frameworks */ = {
			isa = PBXFrameworksBuildPhase;
			buildActionMask = 2147483647;
			files = (
			);
			runOnlyForDeploymentPostprocessing = 0;
		};
/* End PBXFrameworksBuildPhase section */

/* Begin PBXGroup section */
		F65910551CB19C77004C583B /* Frameworks */ = {
			isa = PBXGroup;
			children = (
				F659105B1CB19EB4004C583B /* Bolts.framework */,
				F65910591CB19EA9004C583B /* FBSDKLoginKit.framework */,
				F65910561CB19D05004C583B /* FBSDKCoreKit.framework */,
			);
			name = Frameworks;
			sourceTree = "<group>";
		};
		F66834621C8108DE00AB8E1D = {
			isa = PBXGroup;
			children = (
				F668346D1C8108DE00AB8E1D /* Turnip */,
				F66834841C8108DE00AB8E1D /* TurnipTests */,
				F668348F1C8108DE00AB8E1D /* TurnipUITests */,
				F668346C1C8108DE00AB8E1D /* Products */,
				F65910551CB19C77004C583B /* Frameworks */,
			);
			sourceTree = "<group>";
		};
		F668346C1C8108DE00AB8E1D /* Products */ = {
			isa = PBXGroup;
			children = (
				F668346B1C8108DE00AB8E1D /* Turnip.app */,
				F66834811C8108DE00AB8E1D /* TurnipTests.xctest */,
				F668348C1C8108DE00AB8E1D /* TurnipUITests.xctest */,
			);
			name = Products;
			sourceTree = "<group>";
		};
		F668346D1C8108DE00AB8E1D /* Turnip */ = {
			isa = PBXGroup;
			children = (
				F668346E1C8108DE00AB8E1D /* AppDelegate.swift */,
				F659105D1CB19F3C004C583B /* LoginViewController.swift */,
				F66834701C8108DE00AB8E1D /* MainViewController.swift */,
				F66834741C8108DE00AB8E1D /* Main.storyboard */,
				F66834771C8108DE00AB8E1D /* Assets.xcassets */,
				F66834791C8108DE00AB8E1D /* LaunchScreen.storyboard */,
				F668347C1C8108DE00AB8E1D /* Info.plist */,
				F65910581CB19DFD004C583B /* Bridging-Header.h */,
			);
			path = Turnip;
			sourceTree = "<group>";
		};
		F66834841C8108DE00AB8E1D /* TurnipTests */ = {
			isa = PBXGroup;
			children = (
				F66834851C8108DE00AB8E1D /* TurnipTests.swift */,
				F66834871C8108DE00AB8E1D /* Info.plist */,
			);
			path = TurnipTests;
			sourceTree = "<group>";
		};
		F668348F1C8108DE00AB8E1D /* TurnipUITests */ = {
			isa = PBXGroup;
			children = (
				F66834901C8108DE00AB8E1D /* TurnipUITests.swift */,
				F66834921C8108DE00AB8E1D /* Info.plist */,
			);
			path = TurnipUITests;
			sourceTree = "<group>";
		};
/* End PBXGroup section */

/* Begin PBXNativeTarget section */
		F668346A1C8108DE00AB8E1D /* Turnip */ = {
			isa = PBXNativeTarget;
			buildConfigurationList = F66834951C8108DE00AB8E1D /* Build configuration list for PBXNativeTarget "Turnip" */;
			buildPhases = (
				F66834671C8108DE00AB8E1D /* Sources */,
				F66834681C8108DE00AB8E1D /* Frameworks */,
				F66834691C8108DE00AB8E1D /* Resources */,
			);
			buildRules = (
			);
			dependencies = (
			);
			name = Turnip;
			productName = Turnip;
			productReference = F668346B1C8108DE00AB8E1D /* Turnip.app */;
			productType = "com.apple.product-type.application";
		};
		F66834801C8108DE00AB8E1D /* TurnipTests */ = {
			isa = PBXNativeTarget;
			buildConfigurationList = F66834981C8108DE00AB8E1D /* Build configuration list for PBXNativeTarget "TurnipTests" */;
			buildPhases = (
				F668347D1C8108DE00AB8E1D /* Sources */,
				F668347E1C8108DE00AB8E1D /* Frameworks */,
				F668347F1C8108DE00AB8E1D /* Resources */,
			);
			buildRules = (
			);
			dependencies = (
				F66834831C8108DE00AB8E1D /* PBXTargetDependency */,
			);
			name = TurnipTests;
			productName = TurnipTests;
			productReference = F66834811C8108DE00AB8E1D /* TurnipTests.xctest */;
			productType = "com.apple.product-type.bundle.unit-test";
		};
		F668348B1C8108DE00AB8E1D /* TurnipUITests */ = {
			isa = PBXNativeTarget;
			buildConfigurationList = F668349B1C8108DE00AB8E1D /* Build configuration list for PBXNativeTarget "TurnipUITests" */;
			buildPhases = (
				F66834881C8108DE00AB8E1D /* Sources */,
				F66834891C8108DE00AB8E1D /* Frameworks */,
				F668348A1C8108DE00AB8E1D /* Resources */,
			);
			buildRules = (
			);
			dependencies = (
				F668348E1C8108DE00AB8E1D /* PBXTargetDependency */,
			);
			name = TurnipUITests;
			productName = TurnipUITests;
			productReference = F668348C1C8108DE00AB8E1D /* TurnipUITests.xctest */;
			productType = "com.apple.product-type.bundle.ui-testing";
		};
/* End PBXNativeTarget section */

/* Begin PBXProject section */
		F66834631C8108DE00AB8E1D /* Project object */ = {
			isa = PBXProject;
			attributes = {
				LastSwiftUpdateCheck = 0720;
				LastUpgradeCheck = 0720;
				ORGANIZATIONNAME = "Turnip Apps";
				TargetAttributes = {
					F668346A1C8108DE00AB8E1D = {
						CreatedOnToolsVersion = 7.2.1;
					};
					F66834801C8108DE00AB8E1D = {
						CreatedOnToolsVersion = 7.2.1;
						TestTargetID = F668346A1C8108DE00AB8E1D;
					};
					F668348B1C8108DE00AB8E1D = {
						CreatedOnToolsVersion = 7.2.1;
						TestTargetID = F668346A1C8108DE00AB8E1D;
					};
				};
			};
			buildConfigurationList = F66834661C8108DE00AB8E1D /* Build configuration list for PBXProject "Turnip" */;
			compatibilityVersion = "Xcode 3.2";
			developmentRegion = English;
			hasScannedForEncodings = 0;
			knownRegions = (
				en,
				Base,
			);
			mainGroup = F66834621C8108DE00AB8E1D;
			productRefGroup = F668346C1C8108DE00AB8E1D /* Products */;
			projectDirPath = "";
			projectRoot = "";
			targets = (
				F668346A1C8108DE00AB8E1D /* Turnip */,
				F66834801C8108DE00AB8E1D /* TurnipTests */,
				F668348B1C8108DE00AB8E1D /* TurnipUITests */,
			);
		};
/* End PBXProject section */

/* Begin PBXResourcesBuildPhase section */
		F66834691C8108DE00AB8E1D /* Resources */ = {
			isa = PBXResourcesBuildPhase;
			buildActionMask = 2147483647;
			files = (
				F668347B1C8108DE00AB8E1D /* LaunchScreen.storyboard in Resources */,
				F66834781C8108DE00AB8E1D /* Assets.xcassets in Resources */,
				F66834761C8108DE00AB8E1D /* Main.storyboard in Resources */,
			);
			runOnlyForDeploymentPostprocessing = 0;
		};
		F668347F1C8108DE00AB8E1D /* Resources */ = {
			isa = PBXResourcesBuildPhase;
			buildActionMask = 2147483647;
			files = (
			);
			runOnlyForDeploymentPostprocessing = 0;
		};
		F668348A1C8108DE00AB8E1D /* Resources */ = {
			isa = PBXResourcesBuildPhase;
			buildActionMask = 2147483647;
			files = (
			);
			runOnlyForDeploymentPostprocessing = 0;
		};
/* End PBXResourcesBuildPhase section */

/* Begin PBXSourcesBuildPhase section */
		F66834671C8108DE00AB8E1D /* Sources */ = {
			isa = PBXSourcesBuildPhase;
			buildActionMask = 2147483647;
			files = (
				F659105E1CB19F3C004C583B /* LoginViewController.swift in Sources */,
				F668346F1C8108DE00AB8E1D /* AppDelegate.swift in Sources */,
				F66834711C8108DE00AB8E1D /* MainViewController.swift in Sources */,
			);
			runOnlyForDeploymentPostprocessing = 0;
		};
		F668347D1C8108DE00AB8E1D /* Sources */ = {
			isa = PBXSourcesBuildPhase;
			buildActionMask = 2147483647;
			files = (
				F66834861C8108DE00AB8E1D /* TurnipTests.swift in Sources */,
			);
			runOnlyForDeploymentPostprocessing = 0;
		};
		F66834881C8108DE00AB8E1D /* Sources */ = {
			isa = PBXSourcesBuildPhase;
			buildActionMask = 2147483647;
			files = (
				F66834911C8108DE00AB8E1D /* TurnipUITests.swift in Sources */,
			);
			runOnlyForDeploymentPostprocessing = 0;
		};
/* End PBXSourcesBuildPhase section */

/* Begin PBXTargetDependency section */
		F66834831C8108DE00AB8E1D /* PBXTargetDependency */ = {
			isa = PBXTargetDependency;
			target = F668346A1C8108DE00AB8E1D /* Turnip */;
			targetProxy = F66834821C8108DE00AB8E1D /* PBXContainerItemProxy */;
		};
		F668348E1C8108DE00AB8E1D /* PBXTargetDependency */ = {
			isa = PBXTargetDependency;
			target = F668346A1C8108DE00AB8E1D /* Turnip */;
			targetProxy = F668348D1C8108DE00AB8E1D /* PBXContainerItemProxy */;
		};
/* End PBXTargetDependency section */

/* Begin PBXVariantGroup section */
		F66834741C8108DE00AB8E1D /* Main.storyboard */ = {
			isa = PBXVariantGroup;
			children = (
				F66834751C8108DE00AB8E1D /* Base */,
			);
			name = Main.storyboard;
			sourceTree = "<group>";
		};
		F66834791C8108DE00AB8E1D /* LaunchScreen.storyboard */ = {
			isa = PBXVariantGroup;
			children = (
				F668347A1C8108DE00AB8E1D /* Base */,
			);
			name = LaunchScreen.storyboard;
			sourceTree = "<group>";
		};
/* End PBXVariantGroup section */

/* Begin XCBuildConfiguration section */
		F66834931C8108DE00AB8E1D /* Debug */ = {
			isa = XCBuildConfiguration;
			buildSettings = {
				ALWAYS_SEARCH_USER_PATHS = NO;
				CLANG_CXX_LANGUAGE_STANDARD = "gnu++0x";
				CLANG_CXX_LIBRARY = "libc++";
				CLANG_ENABLE_MODULES = YES;
				CLANG_ENABLE_OBJC_ARC = YES;
				CLANG_WARN_BOOL_CONVERSION = YES;
				CLANG_WARN_CONSTANT_CONVERSION = YES;
				CLANG_WARN_DIRECT_OBJC_ISA_USAGE = YES_ERROR;
				CLANG_WARN_EMPTY_BODY = YES;
				CLANG_WARN_ENUM_CONVERSION = YES;
				CLANG_WARN_INT_CONVERSION = YES;
				CLANG_WARN_OBJC_ROOT_CLASS = YES_ERROR;
				CLANG_WARN_UNREACHABLE_CODE = YES;
				CLANG_WARN__DUPLICATE_METHOD_MATCH = YES;
				"CODE_SIGN_IDENTITY[sdk=iphoneos*]" = "iPhone Developer";
				COPY_PHASE_STRIP = NO;
				DEBUG_INFORMATION_FORMAT = dwarf;
				ENABLE_STRICT_OBJC_MSGSEND = YES;
				ENABLE_TESTABILITY = YES;
				GCC_C_LANGUAGE_STANDARD = gnu99;
				GCC_DYNAMIC_NO_PIC = NO;
				GCC_NO_COMMON_BLOCKS = YES;
				GCC_OPTIMIZATION_LEVEL = 0;
				GCC_PREPROCESSOR_DEFINITIONS = (
					"DEBUG=1",
					"$(inherited)",
				);
				GCC_WARN_64_TO_32_BIT_CONVERSION = YES;
				GCC_WARN_ABOUT_RETURN_TYPE = YES_ERROR;
				GCC_WARN_UNDECLARED_SELECTOR = YES;
				GCC_WARN_UNINITIALIZED_AUTOS = YES_AGGRESSIVE;
				GCC_WARN_UNUSED_FUNCTION = YES;
				GCC_WARN_UNUSED_VARIABLE = YES;
				IPHONEOS_DEPLOYMENT_TARGET = 9.2;
				MTL_ENABLE_DEBUG_INFO = YES;
				ONLY_ACTIVE_ARCH = YES;
				SDKROOT = iphoneos;
				SWIFT_OPTIMIZATION_LEVEL = "-Onone";
				TARGETED_DEVICE_FAMILY = "1,2";
			};
			name = Debug;
		};
		F66834941C8108DE00AB8E1D /* Release */ = {
			isa = XCBuildConfiguration;
			buildSettings = {
				ALWAYS_SEARCH_USER_PATHS = NO;
				CLANG_CXX_LANGUAGE_STANDARD = "gnu++0x";
				CLANG_CXX_LIBRARY = "libc++";
				CLANG_ENABLE_MODULES = YES;
				CLANG_ENABLE_OBJC_ARC = YES;
				CLANG_WARN_BOOL_CONVERSION = YES;
				CLANG_WARN_CONSTANT_CONVERSION = YES;
				CLANG_WARN_DIRECT_OBJC_ISA_USAGE = YES_ERROR;
				CLANG_WARN_EMPTY_BODY = YES;
				CLANG_WARN_ENUM_CONVERSION = YES;
				CLANG_WARN_INT_CONVERSION = YES;
				CLANG_WARN_OBJC_ROOT_CLASS = YES_ERROR;
				CLANG_WARN_UNREACHABLE_CODE = YES;
				CLANG_WARN__DUPLICATE_METHOD_MATCH = YES;
				"CODE_SIGN_IDENTITY[sdk=iphoneos*]" = "iPhone Developer";
				COPY_PHASE_STRIP = NO;
				DEBUG_INFORMATION_FORMAT = "dwarf-with-dsym";
				ENABLE_NS_ASSERTIONS = NO;
				ENABLE_STRICT_OBJC_MSGSEND = YES;
				GCC_C_LANGUAGE_STANDARD = gnu99;
				GCC_NO_COMMON_BLOCKS = YES;
				GCC_WARN_64_TO_32_BIT_CONVERSION = YES;
				GCC_WARN_ABOUT_RETURN_TYPE = YES_ERROR;
				GCC_WARN_UNDECLARED_SELECTOR = YES;
				GCC_WARN_UNINITIALIZED_AUTOS = YES_AGGRESSIVE;
				GCC_WARN_UNUSED_FUNCTION = YES;
				GCC_WARN_UNUSED_VARIABLE = YES;
				IPHONEOS_DEPLOYMENT_TARGET = 9.2;
				MTL_ENABLE_DEBUG_INFO = NO;
				SDKROOT = iphoneos;
				TARGETED_DEVICE_FAMILY = "1,2";
				VALIDATE_PRODUCT = YES;
			};
			name = Release;
		};
		F66834961C8108DE00AB8E1D /* Debug */ = {
			isa = XCBuildConfiguration;
			buildSettings = {
				ASSETCATALOG_COMPILER_APPICON_NAME = AppIcon;
				FRAMEWORK_SEARCH_PATHS = (
					"$(inherited)",
					"$(PROJECT_DIR)",
				);
				INFOPLIST_FILE = Turnip/Info.plist;
				LD_RUNPATH_SEARCH_PATHS = "$(inherited) @executable_path/Frameworks";
				PRODUCT_BUNDLE_IDENTIFIER = com.turnip.Turnip;
				PRODUCT_NAME = "$(TARGET_NAME)";
				SWIFT_OBJC_BRIDGING_HEADER = "Turnip/Bridging-Header.h";
			};
			name = Debug;
		};
		F66834971C8108DE00AB8E1D /* Release */ = {
			isa = XCBuildConfiguration;
			buildSettings = {
				ASSETCATALOG_COMPILER_APPICON_NAME = AppIcon;
				FRAMEWORK_SEARCH_PATHS = (
					"$(inherited)",
					"$(PROJECT_DIR)",
				);
				INFOPLIST_FILE = Turnip/Info.plist;
				LD_RUNPATH_SEARCH_PATHS = "$(inherited) @executable_path/Frameworks";
				PRODUCT_BUNDLE_IDENTIFIER = com.turnip.Turnip;
				PRODUCT_NAME = "$(TARGET_NAME)";
				SWIFT_OBJC_BRIDGING_HEADER = "Turnip/Bridging-Header.h";
			};
			name = Release;
		};
		F66834991C8108DE00AB8E1D /* Debug */ = {
			isa = XCBuildConfiguration;
			buildSettings = {
				BUNDLE_LOADER = "$(TEST_HOST)";
				INFOPLIST_FILE = TurnipTests/Info.plist;
				LD_RUNPATH_SEARCH_PATHS = "$(inherited) @executable_path/Frameworks @loader_path/Frameworks";
				PRODUCT_BUNDLE_IDENTIFIER = com.turnip.TurnipTests;
				PRODUCT_NAME = "$(TARGET_NAME)";
				TEST_HOST = "$(BUILT_PRODUCTS_DIR)/Turnip.app/Turnip";
			};
			name = Debug;
		};
		F668349A1C8108DE00AB8E1D /* Release */ = {
			isa = XCBuildConfiguration;
			buildSettings = {
				BUNDLE_LOADER = "$(TEST_HOST)";
				INFOPLIST_FILE = TurnipTests/Info.plist;
				LD_RUNPATH_SEARCH_PATHS = "$(inherited) @executable_path/Frameworks @loader_path/Frameworks";
				PRODUCT_BUNDLE_IDENTIFIER = com.turnip.TurnipTests;
				PRODUCT_NAME = "$(TARGET_NAME)";
				TEST_HOST = "$(BUILT_PRODUCTS_DIR)/Turnip.app/Turnip";
			};
			name = Release;
		};
		F668349C1C8108DE00AB8E1D /* Debug */ = {
			isa = XCBuildConfiguration;
			buildSettings = {
				INFOPLIST_FILE = TurnipUITests/Info.plist;
				LD_RUNPATH_SEARCH_PATHS = "$(inherited) @executable_path/Frameworks @loader_path/Frameworks";
				PRODUCT_BUNDLE_IDENTIFIER = com.turnip.TurnipUITests;
				PRODUCT_NAME = "$(TARGET_NAME)";
				TEST_TARGET_NAME = Turnip;
				USES_XCTRUNNER = YES;
			};
			name = Debug;
		};
		F668349D1C8108DE00AB8E1D /* Release */ = {
			isa = XCBuildConfiguration;
			buildSettings = {
				INFOPLIST_FILE = TurnipUITests/Info.plist;
				LD_RUNPATH_SEARCH_PATHS = "$(inherited) @executable_path/Frameworks @loader_path/Frameworks";
				PRODUCT_BUNDLE_IDENTIFIER = com.turnip.TurnipUITests;
				PRODUCT_NAME = "$(TARGET_NAME)";
				TEST_TARGET_NAME = Turnip;
				USES_XCTRUNNER = YES;
			};
			name = Release;
		};
/* End XCBuildConfiguration section */

/* Begin XCConfigurationList section */
		F66834661C8108DE00AB8E1D /* Build configuration list for PBXProject "Turnip" */ = {
			isa = XCConfigurationList;
			buildConfigurations = (
				F66834931C8108DE00AB8E1D /* Debug */,
				F66834941C8108DE00AB8E1D /* Release */,
			);
			defaultConfigurationIsVisible = 0;
			defaultConfigurationName = Release;
		};
		F66834951C8108DE00AB8E1D /* Build configuration list for PBXNativeTarget "Turnip" */ = {
			isa = XCConfigurationList;
			buildConfigurations = (
				F66834961C8108DE00AB8E1D /* Debug */,
				F66834971C8108DE00AB8E1D /* Release */,
			);
			defaultConfigurationIsVisible = 0;
			defaultConfigurationName = Release;
		};
		F66834981C8108DE00AB8E1D /* Build configuration list for PBXNativeTarget "TurnipTests" */ = {
			isa = XCConfigurationList;
			buildConfigurations = (
				F66834991C8108DE00AB8E1D /* Debug */,
				F668349A1C8108DE00AB8E1D /* Release */,
			);
			defaultConfigurationIsVisible = 0;
			defaultConfigurationName = Release;
		};
		F668349B1C8108DE00AB8E1D /* Build configuration list for PBXNativeTarget "TurnipUITests" */ = {
			isa = XCConfigurationList;
			buildConfigurations = (
				F668349C1C8108DE00AB8E1D /* Debug */,
				F668349D1C8108DE00AB8E1D /* Release */,
			);
			defaultConfigurationIsVisible = 0;
			defaultConfigurationName = Release;
		};
/* End XCConfigurationList section */
	};
	rootObject = F66834631C8108DE00AB8E1D /* Project object */;
}
